
Microsoft Visual Studio Solution File, Format Version 12.00
# Visual Studio Version 17
VisualStudioVersion = 17.12.35506.116
MinimumVisualStudioVersion = 10.0.40219.1
Project("{FAE04EC0-301F-11D3-BF4B-00C04F79EFBC}") = "LibraryAPI", "LibraryAPI\LibraryAPI.csproj", "{7FE304A3-23BE-46D6-80D2-3D55D57AAAA2}"
EndProject
Project("{E24C65DC-7377-472B-9ABA-BC803B73C61A}") = "LibraryUI", "LibraryUI\", "{413CAB40-A50B-4611-821E-99654364A20B}"
	ProjectSection(WebsiteProperties) = preProject
		TargetFrameworkMoniker = ".NETFramework,Version%3Dv4.8"
		Debug.AspNetCompiler.VirtualPath = "/localhost_61137"
		Debug.AspNetCompiler.PhysicalPath = "LibraryUI\"
		Debug.AspNetCompiler.TargetPath = "PrecompiledWeb\localhost_61137\"
		Debug.AspNetCompiler.Updateable = "true"
		Debug.AspNetCompiler.ForceOverwrite = "true"
		Debug.AspNetCompiler.FixedNames = "false"
		Debug.AspNetCompiler.Debug = "True"
		Release.AspNetCompiler.VirtualPath = "/localhost_61137"
		Release.AspNetCompiler.PhysicalPath = "LibraryUI\"
		Release.AspNetCompiler.TargetPath = "PrecompiledWeb\localhost_61137\"
		Release.AspNetCompiler.Updateable = "true"
		Release.AspNetCompiler.ForceOverwrite = "true"
		Release.AspNetCompiler.FixedNames = "false"
		Release.AspNetCompiler.Debug = "False"
		VWDPort = "61137"
		SlnRelativePath = "LibraryUI\"
	EndProjectSection
EndProject
Global
	GlobalSection(SolutionConfigurationPlatforms) = preSolution
		Debug|Any CPU = Debug|Any CPU
		Release|Any CPU = Release|Any CPU
	EndGlobalSection
	GlobalSection(ProjectConfigurationPlatforms) = postSolution
		{7FE304A3-23BE-46D6-80D2-3D55D57AAAA2}.Debug|Any CPU.ActiveCfg = Debug|Any CPU
		{7FE304A3-23BE-46D6-80D2-3D55D57AAAA2}.Debug|Any CPU.Build.0 = Debug|Any CPU
		{7FE304A3-23BE-46D6-80D2-3D55D57AAAA2}.Release|Any CPU.ActiveCfg = Release|Any CPU
		{7FE304A3-23BE-46D6-80D2-3D55D57AAAA2}.Release|Any CPU.Build.0 = Release|Any CPU
		{413CAB40-A50B-4611-821E-99654364A20B}.Debug|Any CPU.ActiveCfg = Debug|Any CPU
		{413CAB40-A50B-4611-821E-99654364A20B}.Debug|Any CPU.Build.0 = Debug|Any CPU
		{413CAB40-A50B-4611-821E-99654364A20B}.Release|Any CPU.ActiveCfg = Debug|Any CPU
		{413CAB40-A50B-4611-821E-99654364A20B}.Release|Any CPU.Build.0 = Debug|Any CPU
	EndGlobalSection
	GlobalSection(SolutionProperties) = preSolution
		HideSolutionNode = FALSE
	EndGlobalSection
EndGlobal
